// !$*UTF8*$!
{
	archiveVersion = 1;
	classes = {
	};
	objectVersion = 46;
	objects = {

/* Begin PBXBuildFile section */
		3467331A1EAD26A300073DE0 /* AppDelegate.swift in Sources */ = {isa = PBXBuildFile; fileRef = 346733191EAD26A300073DE0 /* AppDelegate.swift */; };
		3467331C1EAD26A300073DE0 /* ViewController.swift in Sources */ = {isa = PBXBuildFile; fileRef = 3467331B1EAD26A300073DE0 /* ViewController.swift */; };
		3467331F1EAD26A300073DE0 /* Main.storyboard in Resources */ = {isa = PBXBuildFile; fileRef = 3467331D1EAD26A300073DE0 /* Main.storyboard */; };
		346733211EAD26A300073DE0 /* Assets.xcassets in Resources */ = {isa = PBXBuildFile; fileRef = 346733201EAD26A300073DE0 /* Assets.xcassets */; };
		346733241EAD26A300073DE0 /* LaunchScreen.storyboard in Resources */ = {isa = PBXBuildFile; fileRef = 346733221EAD26A300073DE0 /* LaunchScreen.storyboard */; };
		3467332D1EAD26B000073DE0 /* MapKit.framework in Frameworks */ = {isa = PBXBuildFile; fileRef = 3467332C1EAD26B000073DE0 /* MapKit.framework */; };
		346733301EAD2AA400073DE0 /* Model.xcdatamodeld in Sources */ = {isa = PBXBuildFile; fileRef = 3467332E1EAD2AA400073DE0 /* Model.xcdatamodeld */; };
		346733331EAD2AD200073DE0 /* FlickrPhoto+CoreDataClass.swift in Sources */ = {isa = PBXBuildFile; fileRef = 346733311EAD2AD200073DE0 /* FlickrPhoto+CoreDataClass.swift */; };
		346733341EAD2AD200073DE0 /* FlickrPhoto+CoreDataProperties.swift in Sources */ = {isa = PBXBuildFile; fileRef = 346733321EAD2AD200073DE0 /* FlickrPhoto+CoreDataProperties.swift */; };
		346733371EAD2B0800073DE0 /* CoreDataStack.swift in Sources */ = {isa = PBXBuildFile; fileRef = 346733361EAD2B0800073DE0 /* CoreDataStack.swift */; };
		3467333A1EAD2BA400073DE0 /* FlickrRequestModel.swift in Sources */ = {isa = PBXBuildFile; fileRef = 346733391EAD2BA400073DE0 /* FlickrRequestModel.swift */; };
		3467333C1EAD309300073DE0 /* FlickrClient.swift in Sources */ = {isa = PBXBuildFile; fileRef = 3467333B1EAD309300073DE0 /* FlickrClient.swift */; };
		3467333E1EAD30DF00073DE0 /* Private.swift in Sources */ = {isa = PBXBuildFile; fileRef = 3467333D1EAD30DF00073DE0 /* Private.swift */; };
		346733401EAD489100073DE0 /* LondonModel.swift in Sources */ = {isa = PBXBuildFile; fileRef = 3467333F1EAD489100073DE0 /* LondonModel.swift */; };
		346733421EAD4CE500073DE0 /* FlickrConvienence.swift in Sources */ = {isa = PBXBuildFile; fileRef = 346733411EAD4CE500073DE0 /* FlickrConvienence.swift */; };
		346733441EAD5DC300073DE0 /* Reachability.swift in Sources */ = {isa = PBXBuildFile; fileRef = 346733431EAD5DC200073DE0 /* Reachability.swift */; };
		346733481EAD5EC700073DE0 /* Alerts.swift in Sources */ = {isa = PBXBuildFile; fileRef = 346733471EAD5EC700073DE0 /* Alerts.swift */; };
		3477D4A51EAE5E7A005A0F33 /* PhotoViewCell.swift in Sources */ = {isa = PBXBuildFile; fileRef = 3477D4A41EAE5E7A005A0F33 /* PhotoViewCell.swift */; };
		3477D4A71EAE7A89005A0F33 /* PhotoAlbumModel.swift in Sources */ = {isa = PBXBuildFile; fileRef = 3477D4A61EAE7A89005A0F33 /* PhotoAlbumModel.swift */; };
/* End PBXBuildFile section */

/* Begin PBXFileReference section */
		346733161EAD26A300073DE0 /* VirtualLondon.app */ = {isa = PBXFileReference; explicitFileType = wrapper.application; includeInIndex = 0; path = VirtualLondon.app; sourceTree = BUILT_PRODUCTS_DIR; };
		346733191EAD26A300073DE0 /* AppDelegate.swift */ = {isa = PBXFileReference; lastKnownFileType = sourcecode.swift; path = AppDelegate.swift; sourceTree = "<group>"; };
		3467331B1EAD26A300073DE0 /* ViewController.swift */ = {isa = PBXFileReference; lastKnownFileType = sourcecode.swift; path = ViewController.swift; sourceTree = "<group>"; };
		3467331E1EAD26A300073DE0 /* Base */ = {isa = PBXFileReference; lastKnownFileType = file.storyboard; name = Base; path = Base.lproj/Main.storyboard; sourceTree = "<group>"; };
		346733201EAD26A300073DE0 /* Assets.xcassets */ = {isa = PBXFileReference; lastKnownFileType = folder.assetcatalog; path = Assets.xcassets; sourceTree = "<group>"; };
		346733231EAD26A300073DE0 /* Base */ = {isa = PBXFileReference; lastKnownFileType = file.storyboard; name = Base; path = Base.lproj/LaunchScreen.storyboard; sourceTree = "<group>"; };
		346733251EAD26A300073DE0 /* Info.plist */ = {isa = PBXFileReference; lastKnownFileType = text.plist.xml; path = Info.plist; sourceTree = "<group>"; };
		3467332C1EAD26B000073DE0 /* MapKit.framework */ = {isa = PBXFileReference; lastKnownFileType = wrapper.framework; name = MapKit.framework; path = System/Library/Frameworks/MapKit.framework; sourceTree = SDKROOT; };
		3467332F1EAD2AA400073DE0 /* Model.xcdatamodel */ = {isa = PBXFileReference; lastKnownFileType = wrapper.xcdatamodel; path = Model.xcdatamodel; sourceTree = "<group>"; };
		346733311EAD2AD200073DE0 /* FlickrPhoto+CoreDataClass.swift */ = {isa = PBXFileReference; fileEncoding = 4; lastKnownFileType = sourcecode.swift; name = "FlickrPhoto+CoreDataClass.swift"; path = "../FlickrPhoto+CoreDataClass.swift"; sourceTree = "<group>"; };
		346733321EAD2AD200073DE0 /* FlickrPhoto+CoreDataProperties.swift */ = {isa = PBXFileReference; fileEncoding = 4; lastKnownFileType = sourcecode.swift; name = "FlickrPhoto+CoreDataProperties.swift"; path = "../FlickrPhoto+CoreDataProperties.swift"; sourceTree = "<group>"; };
		346733361EAD2B0800073DE0 /* CoreDataStack.swift */ = {isa = PBXFileReference; fileEncoding = 4; lastKnownFileType = sourcecode.swift; path = CoreDataStack.swift; sourceTree = "<group>"; };
		346733391EAD2BA400073DE0 /* FlickrRequestModel.swift */ = {isa = PBXFileReference; fileEncoding = 4; lastKnownFileType = sourcecode.swift; path = FlickrRequestModel.swift; sourceTree = "<group>"; };
		3467333B1EAD309300073DE0 /* FlickrClient.swift */ = {isa = PBXFileReference; fileEncoding = 4; lastKnownFileType = sourcecode.swift; path = FlickrClient.swift; sourceTree = "<group>"; };
		3467333D1EAD30DF00073DE0 /* Private.swift */ = {isa = PBXFileReference; fileEncoding = 4; lastKnownFileType = sourcecode.swift; path = Private.swift; sourceTree = "<group>"; };
		3467333F1EAD489100073DE0 /* LondonModel.swift */ = {isa = PBXFileReference; fileEncoding = 4; lastKnownFileType = sourcecode.swift; path = LondonModel.swift; sourceTree = "<group>"; };
		346733411EAD4CE500073DE0 /* FlickrConvienence.swift */ = {isa = PBXFileReference; fileEncoding = 4; lastKnownFileType = sourcecode.swift; path = FlickrConvienence.swift; sourceTree = "<group>"; };
		346733431EAD5DC200073DE0 /* Reachability.swift */ = {isa = PBXFileReference; fileEncoding = 4; lastKnownFileType = sourcecode.swift; path = Reachability.swift; sourceTree = "<group>"; };
		346733471EAD5EC700073DE0 /* Alerts.swift */ = {isa = PBXFileReference; fileEncoding = 4; lastKnownFileType = sourcecode.swift; path = Alerts.swift; sourceTree = "<group>"; };
		3477D4A41EAE5E7A005A0F33 /* PhotoViewCell.swift */ = {isa = PBXFileReference; fileEncoding = 4; lastKnownFileType = sourcecode.swift; path = PhotoViewCell.swift; sourceTree = "<group>"; };
		3477D4A61EAE7A89005A0F33 /* PhotoAlbumModel.swift */ = {isa = PBXFileReference; fileEncoding = 4; lastKnownFileType = sourcecode.swift; path = PhotoAlbumModel.swift; sourceTree = "<group>"; };
/* End PBXFileReference section */

/* Begin PBXFrameworksBuildPhase section */
		346733131EAD26A200073DE0 /* Frameworks */ = {
			isa = PBXFrameworksBuildPhase;
			buildActionMask = 2147483647;
			files = (
				3467332D1EAD26B000073DE0 /* MapKit.framework in Frameworks */,
			);
			runOnlyForDeploymentPostprocessing = 0;
		};
/* End PBXFrameworksBuildPhase section */

/* Begin PBXGroup section */
		3467330D1EAD26A200073DE0 = {
			isa = PBXGroup;
			children = (
				346733181EAD26A300073DE0 /* VirtualLondon */,
				346733171EAD26A300073DE0 /* Products */,
				3467332B1EAD26B000073DE0 /* Frameworks */,
			);
			sourceTree = "<group>";
		};
		346733171EAD26A300073DE0 /* Products */ = {
			isa = PBXGroup;
			children = (
				346733161EAD26A300073DE0 /* VirtualLondon.app */,
			);
			name = Products;
			sourceTree = "<group>";
		};
		346733181EAD26A300073DE0 /* VirtualLondon */ = {
			isa = PBXGroup;
			children = (
				346733191EAD26A300073DE0 /* AppDelegate.swift */,
				3467331B1EAD26A300073DE0 /* ViewController.swift */,
				346733351EAD2AD700073DE0 /* Models */,
				346733381EAD2B9100073DE0 /* Client */,
				346733491EAD5F1A00073DE0 /* View */,
				346733451EAD5DDE00073DE0 /* Assets */,
				346733461EAD5DF300073DE0 /* SupportingFiles */,
			);
			path = VirtualLondon;
			sourceTree = "<group>";
		};
		3467332B1EAD26B000073DE0 /* Frameworks */ = {
			isa = PBXGroup;
			children = (
				3467332C1EAD26B000073DE0 /* MapKit.framework */,
			);
			name = Frameworks;
			sourceTree = "<group>";
		};
		346733351EAD2AD700073DE0 /* Models */ = {
			isa = PBXGroup;
			children = (
				3467332E1EAD2AA400073DE0 /* Model.xcdatamodeld */,
				346733311EAD2AD200073DE0 /* FlickrPhoto+CoreDataClass.swift */,
				346733321EAD2AD200073DE0 /* FlickrPhoto+CoreDataProperties.swift */,
				346733361EAD2B0800073DE0 /* CoreDataStack.swift */,
				3467333F1EAD489100073DE0 /* LondonModel.swift */,
				3477D4A61EAE7A89005A0F33 /* PhotoAlbumModel.swift */,
			);
			name = Models;
			sourceTree = "<group>";
		};
		346733381EAD2B9100073DE0 /* Client */ = {
			isa = PBXGroup;
			children = (
				346733391EAD2BA400073DE0 /* FlickrRequestModel.swift */,
				3467333B1EAD309300073DE0 /* FlickrClient.swift */,
				346733411EAD4CE500073DE0 /* FlickrConvienence.swift */,
			);
			name = Client;
			sourceTree = "<group>";
		};
		346733451EAD5DDE00073DE0 /* Assets */ = {
			isa = PBXGroup;
			children = (
				3467331D1EAD26A300073DE0 /* Main.storyboard */,
				346733201EAD26A300073DE0 /* Assets.xcassets */,
				346733221EAD26A300073DE0 /* LaunchScreen.storyboard */,
			);
			name = Assets;
			sourceTree = "<group>";
		};
		346733461EAD5DF300073DE0 /* SupportingFiles */ = {
			isa = PBXGroup;
			children = (
				346733251EAD26A300073DE0 /* Info.plist */,
				3467333D1EAD30DF00073DE0 /* Private.swift */,
				346733431EAD5DC200073DE0 /* Reachability.swift */,
			);
			name = SupportingFiles;
			sourceTree = "<group>";
		};
		346733491EAD5F1A00073DE0 /* View */ = {
			isa = PBXGroup;
			children = (
				346733471EAD5EC700073DE0 /* Alerts.swift */,
				3477D4A41EAE5E7A005A0F33 /* PhotoViewCell.swift */,
			);
			name = View;
			sourceTree = "<group>";
		};
/* End PBXGroup section */

/* Begin PBXNativeTarget section */
		346733151EAD26A200073DE0 /* VirtualLondon */ = {
			isa = PBXNativeTarget;
			buildConfigurationList = 346733281EAD26A300073DE0 /* Build configuration list for PBXNativeTarget "VirtualLondon" */;
			buildPhases = (
				346733121EAD26A200073DE0 /* Sources */,
				346733131EAD26A200073DE0 /* Frameworks */,
				346733141EAD26A200073DE0 /* Resources */,
			);
			buildRules = (
			);
			dependencies = (
			);
			name = VirtualLondon;
			productName = VirtualLondon;
			productReference = 346733161EAD26A300073DE0 /* VirtualLondon.app */;
			productType = "com.apple.product-type.application";
		};
/* End PBXNativeTarget section */

/* Begin PBXProject section */
		3467330E1EAD26A200073DE0 /* Project object */ = {
			isa = PBXProject;
			attributes = {
				LastSwiftUpdateCheck = 0830;
				LastUpgradeCheck = 0830;
				ORGANIZATIONNAME = GhostBirdGames;
				TargetAttributes = {
					346733151EAD26A200073DE0 = {
						CreatedOnToolsVersion = 8.3;
						DevelopmentTeam = B875NM54ML;
						ProvisioningStyle = Automatic;
						SystemCapabilities = {
							com.apple.Maps.iOS = {
								enabled = 1;
							};
						};
					};
				};
			};
			buildConfigurationList = 346733111EAD26A200073DE0 /* Build configuration list for PBXProject "VirtualLondon" */;
			compatibilityVersion = "Xcode 3.2";
			developmentRegion = English;
			hasScannedForEncodings = 0;
			knownRegions = (
				en,
				Base,
			);
			mainGroup = 3467330D1EAD26A200073DE0;
			productRefGroup = 346733171EAD26A300073DE0 /* Products */;
			projectDirPath = "";
			projectRoot = "";
			targets = (
				346733151EAD26A200073DE0 /* VirtualLondon */,
			);
		};
/* End PBXProject section */

/* Begin PBXResourcesBuildPhase section */
		346733141EAD26A200073DE0 /* Resources */ = {
			isa = PBXResourcesBuildPhase;
			buildActionMask = 2147483647;
			files = (
				346733241EAD26A300073DE0 /* LaunchScreen.storyboard in Resources */,
				346733211EAD26A300073DE0 /* Assets.xcassets in Resources */,
				3467331F1EAD26A300073DE0 /* Main.storyboard in Resources */,
			);
			runOnlyForDeploymentPostprocessing = 0;
		};
/* End PBXResourcesBuildPhase section */

/* Begin PBXSourcesBuildPhase section */
		346733121EAD26A200073DE0 /* Sources */ = {
			isa = PBXSourcesBuildPhase;
			buildActionMask = 2147483647;
			files = (
				346733421EAD4CE500073DE0 /* FlickrConvienence.swift in Sources */,
				3477D4A51EAE5E7A005A0F33 /* PhotoViewCell.swift in Sources */,
				3467331C1EAD26A300073DE0 /* ViewController.swift in Sources */,
				346733441EAD5DC300073DE0 /* Reachability.swift in Sources */,
				3467331A1EAD26A300073DE0 /* AppDelegate.swift in Sources */,
				346733301EAD2AA400073DE0 /* Model.xcdatamodeld in Sources */,
				346733401EAD489100073DE0 /* LondonModel.swift in Sources */,
				346733371EAD2B0800073DE0 /* CoreDataStack.swift in Sources */,
				3467333C1EAD309300073DE0 /* FlickrClient.swift in Sources */,
				346733481EAD5EC700073DE0 /* Alerts.swift in Sources */,
				3477D4A71EAE7A89005A0F33 /* PhotoAlbumModel.swift in Sources */,
				3467333E1EAD30DF00073DE0 /* Private.swift in Sources */,
				346733341EAD2AD200073DE0 /* FlickrPhoto+CoreDataProperties.swift in Sources */,
				346733331EAD2AD200073DE0 /* FlickrPhoto+CoreDataClass.swift in Sources */,
				3467333A1EAD2BA400073DE0 /* FlickrRequestModel.swift in Sources */,
			);
			runOnlyForDeploymentPostprocessing = 0;
		};
/* End PBXSourcesBuildPhase section */

/* Begin PBXVariantGroup section */
		3467331D1EAD26A300073DE0 /* Main.storyboard */ = {
			isa = PBXVariantGroup;
			children = (
				3467331E1EAD26A300073DE0 /* Base */,
			);
			name = Main.storyboard;
			sourceTree = "<group>";
		};
		346733221EAD26A300073DE0 /* LaunchScreen.storyboard */ = {
			isa = PBXVariantGroup;
			children = (
				346733231EAD26A300073DE0 /* Base */,
			);
			name = LaunchScreen.storyboard;
			sourceTree = "<group>";
		};
/* End PBXVariantGroup section */

/* Begin XCBuildConfiguration section */
		346733261EAD26A300073DE0 /* Debug */ = {
			isa = XCBuildConfiguration;
			buildSettings = {
				ALWAYS_SEARCH_USER_PATHS = NO;
				CLANG_ANALYZER_NONNULL = YES;
				CLANG_ANALYZER_NUMBER_OBJECT_CONVERSION = YES_AGGRESSIVE;
				CLANG_CXX_LANGUAGE_STANDARD = "gnu++0x";
				CLANG_CXX_LIBRARY = "libc++";
				CLANG_ENABLE_MODULES = YES;
				CLANG_ENABLE_OBJC_ARC = YES;
				CLANG_WARN_BOOL_CONVERSION = YES;
				CLANG_WARN_CONSTANT_CONVERSION = YES;
				CLANG_WARN_DIRECT_OBJC_ISA_USAGE = YES_ERROR;
				CLANG_WARN_DOCUMENTATION_COMMENTS = YES;
				CLANG_WARN_EMPTY_BODY = YES;
				CLANG_WARN_ENUM_CONVERSION = YES;
				CLANG_WARN_INFINITE_RECURSION = YES;
				CLANG_WARN_INT_CONVERSION = YES;
				CLANG_WARN_OBJC_ROOT_CLASS = YES_ERROR;
				CLANG_WARN_SUSPICIOUS_MOVE = YES;
				CLANG_WARN_UNREACHABLE_CODE = YES;
				CLANG_WARN__DUPLICATE_METHOD_MATCH = YES;
				"CODE_SIGN_IDENTITY[sdk=iphoneos*]" = "iPhone Developer";
				COPY_PHASE_STRIP = NO;
				DEBUG_INFORMATION_FORMAT = dwarf;
				ENABLE_STRICT_OBJC_MSGSEND = YES;
				ENABLE_TESTABILITY = YES;
				GCC_C_LANGUAGE_STANDARD = gnu99;
				GCC_DYNAMIC_NO_PIC = NO;
				GCC_NO_COMMON_BLOCKS = YES;
				GCC_OPTIMIZATION_LEVEL = 0;
				GCC_PREPROCESSOR_DEFINITIONS = (
					"DEBUG=1",
					"$(inherited)",
				);
				GCC_WARN_64_TO_32_BIT_CONVERSION = YES;
				GCC_WARN_ABOUT_RETURN_TYPE = YES_ERROR;
				GCC_WARN_UNDECLARED_SELECTOR = YES;
				GCC_WARN_UNINITIALIZED_AUTOS = YES_AGGRESSIVE;
				GCC_WARN_UNUSED_FUNCTION = YES;
				GCC_WARN_UNUSED_VARIABLE = YES;
				IPHONEOS_DEPLOYMENT_TARGET = 10.3;
				MTL_ENABLE_DEBUG_INFO = YES;
				ONLY_ACTIVE_ARCH = YES;
				SDKROOT = iphoneos;
				SWIFT_ACTIVE_COMPILATION_CONDITIONS = DEBUG;
				SWIFT_OPTIMIZATION_LEVEL = "-Onone";
				TARGETED_DEVICE_FAMILY = "1,2";
			};
			name = Debug;
		};
		346733271EAD26A300073DE0 /* Release */ = {
			isa = XCBuildConfiguration;
			buildSettings = {
				ALWAYS_SEARCH_USER_PATHS = NO;
				CLANG_ANALYZER_NONNULL = YES;
				CLANG_ANALYZER_NUMBER_OBJECT_CONVERSION = YES_AGGRESSIVE;
				CLANG_CXX_LANGUAGE_STANDARD = "gnu++0x";
				CLANG_CXX_LIBRARY = "libc++";
				CLANG_ENABLE_MODULES = YES;
				CLANG_ENABLE_OBJC_ARC = YES;
				CLANG_WARN_BOOL_CONVERSION = YES;
				CLANG_WARN_CONSTANT_CONVERSION = YES;
				CLANG_WARN_DIRECT_OBJC_ISA_USAGE = YES_ERROR;
				CLANG_WARN_DOCUMENTATION_COMMENTS = YES;
				CLANG_WARN_EMPTY_BODY = YES;
				CLANG_WARN_ENUM_CONVERSION = YES;
				CLANG_WARN_INFINITE_RECURSION = YES;
				CLANG_WARN_INT_CONVERSION = YES;
				CLANG_WARN_OBJC_ROOT_CLASS = YES_ERROR;
				CLANG_WARN_SUSPICIOUS_MOVE = YES;
				CLANG_WARN_UNREACHABLE_CODE = YES;
				CLANG_WARN__DUPLICATE_METHOD_MATCH = YES;
				"CODE_SIGN_IDENTITY[sdk=iphoneos*]" = "iPhone Developer";
				COPY_PHASE_STRIP = NO;
				DEBUG_INFORMATION_FORMAT = "dwarf-with-dsym";
				ENABLE_NS_ASSERTIONS = NO;
				ENABLE_STRICT_OBJC_MSGSEND = YES;
				GCC_C_LANGUAGE_STANDARD = gnu99;
				GCC_NO_COMMON_BLOCKS = YES;
				GCC_WARN_64_TO_32_BIT_CONVERSION = YES;
				GCC_WARN_ABOUT_RETURN_TYPE = YES_ERROR;
				GCC_WARN_UNDECLARED_SELECTOR = YES;
				GCC_WARN_UNINITIALIZED_AUTOS = YES_AGGRESSIVE;
				GCC_WARN_UNUSED_FUNCTION = YES;
				GCC_WARN_UNUSED_VARIABLE = YES;
				IPHONEOS_DEPLOYMENT_TARGET = 10.3;
				MTL_ENABLE_DEBUG_INFO = NO;
				SDKROOT = iphoneos;
				SWIFT_OPTIMIZATION_LEVEL = "-Owholemodule";
				TARGETED_DEVICE_FAMILY = "1,2";
				VALIDATE_PRODUCT = YES;
			};
			name = Release;
		};
		346733291EAD26A300073DE0 /* Debug */ = {
			isa = XCBuildConfiguration;
			buildSettings = {
				ASSETCATALOG_COMPILER_APPICON_NAME = AppIcon;
				DEVELOPMENT_TEAM = B875NM54ML;
				INFOPLIST_FILE = VirtualLondon/Info.plist;
				LD_RUNPATH_SEARCH_PATHS = "$(inherited) @executable_path/Frameworks";
				PRODUCT_BUNDLE_IDENTIFIER = com.ghostbirdgames.VirtualLondon;
				PRODUCT_NAME = "$(TARGET_NAME)";
				SWIFT_VERSION = 3.0;
			};
			name = Debug;
		};
		3467332A1EAD26A300073DE0 /* Release */ = {
			isa = XCBuildConfiguration;
			buildSettings = {
				ASSETCATALOG_COMPILER_APPICON_NAME = AppIcon;
				DEVELOPMENT_TEAM = B875NM54ML;
				INFOPLIST_FILE = VirtualLondon/Info.plist;
				LD_RUNPATH_SEARCH_PATHS = "$(inherited) @executable_path/Frameworks";
				PRODUCT_BUNDLE_IDENTIFIER = com.ghostbirdgames.VirtualLondon;
				PRODUCT_NAME = "$(TARGET_NAME)";
				SWIFT_VERSION = 3.0;
			};
			name = Release;
		};
/* End XCBuildConfiguration section */

/* Begin XCConfigurationList section */
		346733111EAD26A200073DE0 /* Build configuration list for PBXProject "VirtualLondon" */ = {
			isa = XCConfigurationList;
			buildConfigurations = (
				346733261EAD26A300073DE0 /* Debug */,
				346733271EAD26A300073DE0 /* Release */,
			);
			defaultConfigurationIsVisible = 0;
			defaultConfigurationName = Release;
		};
		346733281EAD26A300073DE0 /* Build configuration list for PBXNativeTarget "VirtualLondon" */ = {
			isa = XCConfigurationList;
			buildConfigurations = (
				346733291EAD26A300073DE0 /* Debug */,
				3467332A1EAD26A300073DE0 /* Release */,
			);
			defaultConfigurationIsVisible = 0;
			defaultConfigurationName = Release;
		};
/* End XCConfigurationList section */

/* Begin XCVersionGroup section */
		3467332E1EAD2AA400073DE0 /* Model.xcdatamodeld */ = {
			isa = XCVersionGroup;
			children = (
				3467332F1EAD2AA400073DE0 /* Model.xcdatamodel */,
			);
			currentVersion = 3467332F1EAD2AA400073DE0 /* Model.xcdatamodel */;
			path = Model.xcdatamodeld;
			sourceTree = "<group>";
			versionGroupType = wrapper.xcdatamodel;
		};
/* End XCVersionGroup section */
	};
	rootObject = 3467330E1EAD26A200073DE0 /* Project object */;
}
